
Microsoft Visual Studio Solution File, Format Version 12.00
# Visual Studio Version 17
VisualStudioVersion = 17.6.33801.468
MinimumVisualStudioVersion = 10.0.40219.1
Project("{FAE04EC0-301F-11D3-BF4B-00C04F79EFBC}") = "winformdbg3", "winformdbg3.csproj", "{6E03C08E-7F0F-4F46-838A-7B97EAEEFDD5}"
EndProject
Global
	GlobalSection(SolutionConfigurationPlatforms) = preSolution
		Debug|Any CPU = Debug|Any CPU
		Release|Any CPU = Release|Any CPU
	EndGlobalSection
	GlobalSection(ProjectConfigurationPlatforms) = postSolution
		{6E03C08E-7F0F-4F46-838A-7B97EAEEFDD5}.Debug|Any CPU.ActiveCfg = Debug|Any CPU
		{6E03C08E-7F0F-4F46-838A-7B97EAEEFDD5}.Debug|Any CPU.Build.0 = Debug|Any CPU
		{6E03C08E-7F0F-4F46-838A-7B97EAEEFDD5}.Release|Any CPU.ActiveCfg = Release|Any CPU
		{6E03C08E-7F0F-4F46-838A-7B97EAEEFDD5}.Release|Any CPU.Build.0 = Release|Any CPU
	EndGlobalSection
	GlobalSection(SolutionProperties) = preSolution
		HideSolutionNode = FALSE
	EndGlobalSection
	GlobalSection(ExtensibilityGlobals) = postSolution
		SolutionGuid = {B1952A83-97AF-44CA-9FE7-0B806534CE1C}
	EndGlobalSection
EndGlobal
