
Microsoft Visual Studio Solution File, Format Version 12.00
# Visual Studio Version 17
VisualStudioVersion = 17.5.33424.131
MinimumVisualStudioVersion = 10.0.40219.1
Project("{FAE04EC0-301F-11D3-BF4B-00C04F79EFBC}") = "230329EXbeam", "230329EXbeam.csproj", "{540E852C-6A61-4DC0-8EC8-B4A5C96377A1}"
EndProject
Global
	GlobalSection(SolutionConfigurationPlatforms) = preSolution
		Debug|Any CPU = Debug|Any CPU
		Release|Any CPU = Release|Any CPU
	EndGlobalSection
	GlobalSection(ProjectConfigurationPlatforms) = postSolution
		{540E852C-6A61-4DC0-8EC8-B4A5C96377A1}.Debug|Any CPU.ActiveCfg = Debug|Any CPU
		{540E852C-6A61-4DC0-8EC8-B4A5C96377A1}.Debug|Any CPU.Build.0 = Debug|Any CPU
		{540E852C-6A61-4DC0-8EC8-B4A5C96377A1}.Release|Any CPU.ActiveCfg = Release|Any CPU
		{540E852C-6A61-4DC0-8EC8-B4A5C96377A1}.Release|Any CPU.Build.0 = Release|Any CPU
	EndGlobalSection
	GlobalSection(SolutionProperties) = preSolution
		HideSolutionNode = FALSE
	EndGlobalSection
	GlobalSection(ExtensibilityGlobals) = postSolution
		SolutionGuid = {8B65FAFF-A67B-4D33-8E61-8C6093B849ED}
	EndGlobalSection
EndGlobal
