
Microsoft Visual Studio Solution File, Format Version 12.00
# Visual Studio Version 17
VisualStudioVersion = 17.5.33424.131
MinimumVisualStudioVersion = 10.0.40219.1
Project("{FAE04EC0-301F-11D3-BF4B-00C04F79EFBC}") = "A_Clock", "A_Clock.csproj", "{7B52EEE2-CF41-46E0-B234-F41E5A8525A6}"
EndProject
Project("{54435603-DBB4-11D2-8724-00A0C9A8B90C}") = "SetupA_Clock", "..\SetupA_Clock\SetupA_Clock.vdproj", "{AAECDAC2-549A-4A2B-93E9-A2DE6F05463A}"
EndProject
Global
	GlobalSection(SolutionConfigurationPlatforms) = preSolution
		Debug|Any CPU = Debug|Any CPU
		Release|Any CPU = Release|Any CPU
	EndGlobalSection
	GlobalSection(ProjectConfigurationPlatforms) = postSolution
		{7B52EEE2-CF41-46E0-B234-F41E5A8525A6}.Debug|Any CPU.ActiveCfg = Debug|Any CPU
		{7B52EEE2-CF41-46E0-B234-F41E5A8525A6}.Debug|Any CPU.Build.0 = Debug|Any CPU
		{7B52EEE2-CF41-46E0-B234-F41E5A8525A6}.Release|Any CPU.ActiveCfg = Release|Any CPU
		{7B52EEE2-CF41-46E0-B234-F41E5A8525A6}.Release|Any CPU.Build.0 = Release|Any CPU
		{AAECDAC2-549A-4A2B-93E9-A2DE6F05463A}.Debug|Any CPU.ActiveCfg = Debug
		{AAECDAC2-549A-4A2B-93E9-A2DE6F05463A}.Release|Any CPU.ActiveCfg = Release
	EndGlobalSection
	GlobalSection(SolutionProperties) = preSolution
		HideSolutionNode = FALSE
	EndGlobalSection
	GlobalSection(ExtensibilityGlobals) = postSolution
		SolutionGuid = {C9CCCCCA-6884-4759-9F8A-30E3AFA6EF9B}
	EndGlobalSection
EndGlobal
