
Microsoft Visual Studio Solution File, Format Version 12.00
# Visual Studio Version 17
VisualStudioVersion = 17.5.33424.131
MinimumVisualStudioVersion = 10.0.40219.1
Project("{FAE04EC0-301F-11D3-BF4B-00C04F79EFBC}") = "DigitalClock", "DigitalClock.csproj", "{E84C2BFB-358C-4959-8A65-A4AFD6F8A46A}"
EndProject
Project("{54435603-DBB4-11D2-8724-00A0C9A8B90C}") = "SetupDigitalClock", "..\SetupDigitalClock\SetupDigitalClock.vdproj", "{15F367ED-B0A5-4979-BCD1-7757CD414875}"
EndProject
Global
	GlobalSection(SolutionConfigurationPlatforms) = preSolution
		Debug|Any CPU = Debug|Any CPU
		Release|Any CPU = Release|Any CPU
	EndGlobalSection
	GlobalSection(ProjectConfigurationPlatforms) = postSolution
		{E84C2BFB-358C-4959-8A65-A4AFD6F8A46A}.Debug|Any CPU.ActiveCfg = Debug|Any CPU
		{E84C2BFB-358C-4959-8A65-A4AFD6F8A46A}.Debug|Any CPU.Build.0 = Debug|Any CPU
		{E84C2BFB-358C-4959-8A65-A4AFD6F8A46A}.Release|Any CPU.ActiveCfg = Release|Any CPU
		{E84C2BFB-358C-4959-8A65-A4AFD6F8A46A}.Release|Any CPU.Build.0 = Release|Any CPU
		{15F367ED-B0A5-4979-BCD1-7757CD414875}.Debug|Any CPU.ActiveCfg = Debug
		{15F367ED-B0A5-4979-BCD1-7757CD414875}.Release|Any CPU.ActiveCfg = Release
	EndGlobalSection
	GlobalSection(SolutionProperties) = preSolution
		HideSolutionNode = FALSE
	EndGlobalSection
	GlobalSection(ExtensibilityGlobals) = postSolution
		SolutionGuid = {BB3759F7-8F6F-4602-9859-EBBB0AB9DFA4}
	EndGlobalSection
EndGlobal
